
Microsoft Visual Studio Solution File, Format Version 12.00
# Visual Studio 15
VisualStudioVersion = 15.0.28307.852
MinimumVisualStudioVersion = 10.0.40219.1
Project("{2150E333-8FDC-42A3-9474-1A3956D46DE8}") = "Application", "Application", "{83EEC7DE-9B5B-43B4-ABD6-05E1463F21F6}"
EndProject
Project("{2150E333-8FDC-42A3-9474-1A3956D46DE8}") = "Domain", "Domain", "{990B64A9-CE0F-4DFF-9973-136C8A4AE821}"
EndProject
Project("{2150E333-8FDC-42A3-9474-1A3956D46DE8}") = "Infra.Data", "Infra.Data", "{8ED16A83-4F82-4ACD-BEE9-0B35CA9D5486}"
EndProject
Project("{2150E333-8FDC-42A3-9474-1A3956D46DE8}") = "Infra.IoC", "Infra.IoC", "{0F26F087-444A-4FDA-A046-B6F922353C24}"
EndProject
Project("{2150E333-8FDC-42A3-9474-1A3956D46DE8}") = "Presentation", "Presentation", "{AC64CA29-6C75-4F22-AD5F-0BE1C992B1FB}"
EndProject
Project("{9A19103F-16F7-4668-BE54-9A1E7A4F7556}") = "CleanArcMvc", "CleanArcMvc\CleanArcMvc.csproj", "{BFD94515-9F0A-4B5D-846F-7F8247070F3C}"
EndProject
Global
	GlobalSection(SolutionConfigurationPlatforms) = preSolution
		Debug|Any CPU = Debug|Any CPU
		Release|Any CPU = Release|Any CPU
	EndGlobalSection
	GlobalSection(ProjectConfigurationPlatforms) = postSolution
		{BFD94515-9F0A-4B5D-846F-7F8247070F3C}.Debug|Any CPU.ActiveCfg = Debug|Any CPU
		{BFD94515-9F0A-4B5D-846F-7F8247070F3C}.Debug|Any CPU.Build.0 = Debug|Any CPU
		{BFD94515-9F0A-4B5D-846F-7F8247070F3C}.Release|Any CPU.ActiveCfg = Release|Any CPU
		{BFD94515-9F0A-4B5D-846F-7F8247070F3C}.Release|Any CPU.Build.0 = Release|Any CPU
	EndGlobalSection
	GlobalSection(SolutionProperties) = preSolution
		HideSolutionNode = FALSE
	EndGlobalSection
	GlobalSection(NestedProjects) = preSolution
		{BFD94515-9F0A-4B5D-846F-7F8247070F3C} = {AC64CA29-6C75-4F22-AD5F-0BE1C992B1FB}
	EndGlobalSection
	GlobalSection(ExtensibilityGlobals) = postSolution
		SolutionGuid = {DD3F6AB1-A05C-4A52-B8D0-CCEB162B826B}
	EndGlobalSection
EndGlobal
